Microsoft Visual Studio Solution File, Format Version 12.00
# Visual Studio Version 17
VisualStudioVersion = 17.5.2.0
MinimumVisualStudioVersion = 10.0.40219.1
Project("{FAE04EC0-301F-11D3-BF4B-00C04F79EFBC}") = "HarmonySound.Models", "HarmonySound.Models.csproj", "{93FDF16E-3BFB-46E6-D674-D90088DB847C}"
EndProject
Global
	GlobalSection(SolutionConfigurationPlatforms) = preSolution
		Debug|Any CPU = Debug|Any CPU
		Release|Any CPU = Release|Any CPU
	EndGlobalSection
	GlobalSection(ProjectConfigurationPlatforms) = postSolution
		{93FDF16E-3BFB-46E6-D674-D90088DB847C}.Debug|Any CPU.ActiveCfg = Debug|Any CPU
		{93FDF16E-3BFB-46E6-D674-D90088DB847C}.Debug|Any CPU.Build.0 = Debug|Any CPU
		{93FDF16E-3BFB-46E6-D674-D90088DB847C}.Release|Any CPU.ActiveCfg = Release|Any CPU
		{93FDF16E-3BFB-46E6-D674-D90088DB847C}.Release|Any CPU.Build.0 = Release|Any CPU
	EndGlobalSection
	GlobalSection(SolutionProperties) = preSolution
		HideSolutionNode = FALSE
	EndGlobalSection
	GlobalSection(ExtensibilityGlobals) = postSolution
		SolutionGuid = {760CD397-28B7-4C92-98A3-2C9426EADBA0}
	EndGlobalSection
EndGlobal
